
Microsoft Visual Studio Solution File, Format Version 12.00
# Visual Studio Version 17
VisualStudioVersion = 17.12.35506.116
MinimumVisualStudioVersion = 10.0.40219.1
Project("{8BC9CEB8-8B4A-11D0-8D11-00A0C91BC942}") = "rbxmapper", "rbxmapper\rbxmapper.vcxproj", "{4AC06806-6D32-49FB-A2C8-5A1BEAFA6A6F}"
EndProject
Project("{8BC9CEB8-8B4A-11D0-8D11-00A0C91BC942}") = "spunch bob", "spunch bob\spunch bob.vcxproj", "{FFDC7915-D8DD-41A1-BA3B-12C50E8C4242}"
EndProject
Global
	GlobalSection(SolutionConfigurationPlatforms) = preSolution
		Debug|x64 = Debug|x64
		Debug|x86 = Debug|x86
		Release|x64 = Release|x64
		Release|x86 = Release|x86
	EndGlobalSection
	GlobalSection(ProjectConfigurationPlatforms) = postSolution
		{4AC06806-6D32-49FB-A2C8-5A1BEAFA6A6F}.Debug|x64.ActiveCfg = Debug|x64
		{4AC06806-6D32-49FB-A2C8-5A1BEAFA6A6F}.Debug|x64.Build.0 = Debug|x64
		{4AC06806-6D32-49FB-A2C8-5A1BEAFA6A6F}.Debug|x86.ActiveCfg = Debug|Win32
		{4AC06806-6D32-49FB-A2C8-5A1BEAFA6A6F}.Debug|x86.Build.0 = Debug|Win32
		{4AC06806-6D32-49FB-A2C8-5A1BEAFA6A6F}.Release|x64.ActiveCfg = Release|x64
		{4AC06806-6D32-49FB-A2C8-5A1BEAFA6A6F}.Release|x64.Build.0 = Release|x64
		{4AC06806-6D32-49FB-A2C8-5A1BEAFA6A6F}.Release|x86.ActiveCfg = Release|Win32
		{4AC06806-6D32-49FB-A2C8-5A1BEAFA6A6F}.Release|x86.Build.0 = Release|Win32
		{FFDC7915-D8DD-41A1-BA3B-12C50E8C4242}.Debug|x64.ActiveCfg = Debug|x64
		{FFDC7915-D8DD-41A1-BA3B-12C50E8C4242}.Debug|x64.Build.0 = Debug|x64
		{FFDC7915-D8DD-41A1-BA3B-12C50E8C4242}.Debug|x86.ActiveCfg = Debug|Win32
		{FFDC7915-D8DD-41A1-BA3B-12C50E8C4242}.Debug|x86.Build.0 = Debug|Win32
		{FFDC7915-D8DD-41A1-BA3B-12C50E8C4242}.Release|x64.ActiveCfg = Release|x64
		{FFDC7915-D8DD-41A1-BA3B-12C50E8C4242}.Release|x64.Build.0 = Release|x64
		{FFDC7915-D8DD-41A1-BA3B-12C50E8C4242}.Release|x86.ActiveCfg = Release|Win32
		{FFDC7915-D8DD-41A1-BA3B-12C50E8C4242}.Release|x86.Build.0 = Release|Win32
	EndGlobalSection
	GlobalSection(SolutionProperties) = preSolution
		HideSolutionNode = FALSE
	EndGlobalSection
EndGlobal
